
Microsoft Visual Studio Solution File, Format Version 12.00
# Visual Studio 15
Project("{FAE04EC0-301F-11D3-BF4B-00C04F79EFBC}") = "RunHost", "RunHost\RunHost.csproj", "{2E1A0724-B00A-456C-954B-0743D89E3299}"
EndProject
Global
	GlobalSection(SolutionConfigurationPlatforms) = preSolution
		Debug|x86 = Debug|x86
		Release|x86 = Release|x86
	EndGlobalSection
	GlobalSection(ProjectConfigurationPlatforms) = postSolution
		{2E1A0724-B00A-456C-954B-0743D89E3299}.Debug|x86.ActiveCfg = Debug|x86
		{2E1A0724-B00A-456C-954B-0743D89E3299}.Debug|x86.Build.0 = Debug|x86
		{2E1A0724-B00A-456C-954B-0743D89E3299}.Release|x86.ActiveCfg = Release|x86
		{2E1A0724-B00A-456C-954B-0743D89E3299}.Release|x86.Build.0 = Release|x86
	EndGlobalSection
EndGlobal
